{
  "name": "fixtures",
  "version": "1.0.0",
  "lockfileVersion": 3,
  "requires": true,
  "packages": {
    "": {
      "name": "fixtures",
      "version": "1.0.0",
      "license": "ISC",
      "dependencies": {
        "loro-crdt": "^1.10.4"
      }
    },
    "node_modules/loro-crdt": {
      "version": "1.10.4",
      "resolved": "https://registry.npmjs.org/loro-crdt/-/loro-crdt-1.10.4.tgz",
      "integrity": "sha512-+BKM5kf8S/e/8tXwaNyy4rihXH3bEjega97kAFywVjQM6hcp2NTa2eGQyDuW4mhj2ezcwHCyR9YrGTq30S6Kow==",
      "license": "MIT"
    }
  }
}
